<Solution>
  <Folder Name="/scripts/">
    <File Path="scripts/migrate.ps1" />
  </Folder>
  <Folder Name="/src/">
    <Project Path="src/StBurger.App/StBurger.App.csproj" />
    <Project Path="src/StBurger.Application/StBurger.Application.csproj" />
    <Project Path="src/StBurger.Composition/StBurger.Composition.csproj" />
    <Project Path="src/StBurger.Domain/StBurger.Domain.csproj" />
    <Project Path="src/StBurger.Infrastructure/StBurger.Infrastructure.csproj" />
  </Folder>
</Solution>
